
Microsoft Visual Studio Solution File, Format Version 12.00
# Visual Studio Version 17
VisualStudioVersion = 17.4.33027.239
MinimumVisualStudioVersion = 10.0.40219.1
Project("{9A19103F-16F7-4668-BE54-9A1E7A4F7556}") = "Paguyuban.Tools", "Paguyuban.Tools\Paguyuban.Tools.csproj", "{66478B21-967B-4771-AA2C-43393BB9F1F3}"
EndProject
Project("{9A19103F-16F7-4668-BE54-9A1E7A4F7556}") = "Paguyuban", "Paguyuban\Paguyuban.csproj", "{A3E2CA1D-0C01-4252-9F31-9CBD055E6F8E}"
EndProject
Project("{9A19103F-16F7-4668-BE54-9A1E7A4F7556}") = "IDCH.Storage", "IDCH.Storage\IDCH.Storage.csproj", "{9E8FF7BA-718B-4F2C-96FB-7C4330979B22}"
EndProject
Project("{2150E333-8FDC-42A3-9474-1A3956D46DE8}") = "Helpers", "Helpers", "{C475383F-00DF-4B83-9252-3C31B1BD17FC}"
EndProject
Project("{2150E333-8FDC-42A3-9474-1A3956D46DE8}") = "Shared", "Shared", "{A81F44E0-5283-4309-9562-CC0CCF9507EB}"
EndProject
Project("{9A19103F-16F7-4668-BE54-9A1E7A4F7556}") = "GoogleTranslateFreeApi", "GoogleTranslateFreeApi\GoogleTranslateFreeApi.csproj", "{CE130C8A-A6E0-49ED-8EF3-BF0BC65EA6D4}"
EndProject
Global
	GlobalSection(SolutionConfigurationPlatforms) = preSolution
		Debug|Any CPU = Debug|Any CPU
		Release|Any CPU = Release|Any CPU
	EndGlobalSection
	GlobalSection(ProjectConfigurationPlatforms) = postSolution
		{66478B21-967B-4771-AA2C-43393BB9F1F3}.Debug|Any CPU.ActiveCfg = Debug|Any CPU
		{66478B21-967B-4771-AA2C-43393BB9F1F3}.Debug|Any CPU.Build.0 = Debug|Any CPU
		{66478B21-967B-4771-AA2C-43393BB9F1F3}.Release|Any CPU.ActiveCfg = Release|Any CPU
		{66478B21-967B-4771-AA2C-43393BB9F1F3}.Release|Any CPU.Build.0 = Release|Any CPU
		{A3E2CA1D-0C01-4252-9F31-9CBD055E6F8E}.Debug|Any CPU.ActiveCfg = Debug|Any CPU
		{A3E2CA1D-0C01-4252-9F31-9CBD055E6F8E}.Debug|Any CPU.Build.0 = Debug|Any CPU
		{A3E2CA1D-0C01-4252-9F31-9CBD055E6F8E}.Release|Any CPU.ActiveCfg = Release|Any CPU
		{A3E2CA1D-0C01-4252-9F31-9CBD055E6F8E}.Release|Any CPU.Build.0 = Release|Any CPU
		{9E8FF7BA-718B-4F2C-96FB-7C4330979B22}.Debug|Any CPU.ActiveCfg = Debug|Any CPU
		{9E8FF7BA-718B-4F2C-96FB-7C4330979B22}.Debug|Any CPU.Build.0 = Debug|Any CPU
		{9E8FF7BA-718B-4F2C-96FB-7C4330979B22}.Release|Any CPU.ActiveCfg = Release|Any CPU
		{9E8FF7BA-718B-4F2C-96FB-7C4330979B22}.Release|Any CPU.Build.0 = Release|Any CPU
		{CE130C8A-A6E0-49ED-8EF3-BF0BC65EA6D4}.Debug|Any CPU.ActiveCfg = Debug|Any CPU
		{CE130C8A-A6E0-49ED-8EF3-BF0BC65EA6D4}.Debug|Any CPU.Build.0 = Debug|Any CPU
		{CE130C8A-A6E0-49ED-8EF3-BF0BC65EA6D4}.Release|Any CPU.ActiveCfg = Release|Any CPU
		{CE130C8A-A6E0-49ED-8EF3-BF0BC65EA6D4}.Release|Any CPU.Build.0 = Release|Any CPU
	EndGlobalSection
	GlobalSection(SolutionProperties) = preSolution
		HideSolutionNode = FALSE
	EndGlobalSection
	GlobalSection(NestedProjects) = preSolution
		{66478B21-967B-4771-AA2C-43393BB9F1F3} = {A81F44E0-5283-4309-9562-CC0CCF9507EB}
		{9E8FF7BA-718B-4F2C-96FB-7C4330979B22} = {C475383F-00DF-4B83-9252-3C31B1BD17FC}
		{CE130C8A-A6E0-49ED-8EF3-BF0BC65EA6D4} = {C475383F-00DF-4B83-9252-3C31B1BD17FC}
	EndGlobalSection
	GlobalSection(ExtensibilityGlobals) = postSolution
		SolutionGuid = {24CB9E18-1BE3-4219-9CD7-00F952B3F435}
	EndGlobalSection
EndGlobal
